
Microsoft Visual Studio Solution File, Format Version 12.00
# Visual Studio Version 16
VisualStudioVersion = 16.0.30804.86
MinimumVisualStudioVersion = 10.0.40219.1
Project("{FAE04EC0-301F-11D3-BF4B-00C04F79EFBC}") = "Cinema App", "Cinema App\Cinema App.csproj", "{9A48364E-FF90-4000-AC05-138A5E7F5073}"
EndProject
Global
	GlobalSection(SolutionConfigurationPlatforms) = preSolution
		Debug|Any CPU = Debug|Any CPU
		Release|Any CPU = Release|Any CPU
	EndGlobalSection
	GlobalSection(ProjectConfigurationPlatforms) = postSolution
		{9A48364E-FF90-4000-AC05-138A5E7F5073}.Debug|Any CPU.ActiveCfg = Debug|Any CPU
		{9A48364E-FF90-4000-AC05-138A5E7F5073}.Debug|Any CPU.Build.0 = Debug|Any CPU
		{9A48364E-FF90-4000-AC05-138A5E7F5073}.Release|Any CPU.ActiveCfg = Release|Any CPU
		{9A48364E-FF90-4000-AC05-138A5E7F5073}.Release|Any CPU.Build.0 = Release|Any CPU
	EndGlobalSection
	GlobalSection(SolutionProperties) = preSolution
		HideSolutionNode = FALSE
	EndGlobalSection
	GlobalSection(ExtensibilityGlobals) = postSolution
		SolutionGuid = {61389BA0-4BA7-4121-9A71-AC60A9680894}
	EndGlobalSection
EndGlobal
